
Microsoft Visual Studio Solution File, Format Version 12.00
# Visual Studio Version 17
VisualStudioVersion = 17.14.36603.0 d17.14
MinimumVisualStudioVersion = 10.0.40219.1
Project("{FAE04EC0-301F-11D3-BF4B-00C04F79EFBC}") = "Consilient.Api", "Consilient.Api\Consilient.Api.csproj", "{1C84E308-3BCF-421D-B1BD-C45E0D4E97B2}"
EndProject
Project("{FAE04EC0-301F-11D3-BF4B-00C04F79EFBC}") = "Consilient.EmailMonitor", "Consilient.EmailMonitor\Consilient.EmailMonitor.csproj", "{9DB15DEB-7E2F-4446-8FA8-EDE948C4EBAA}"
EndProject
Global
	GlobalSection(SolutionConfigurationPlatforms) = preSolution
		Debug|Any CPU = Debug|Any CPU
		Release|Any CPU = Release|Any CPU
	EndGlobalSection
	GlobalSection(ProjectConfigurationPlatforms) = postSolution
		{1C84E308-3BCF-421D-B1BD-C45E0D4E97B2}.Debug|Any CPU.ActiveCfg = Debug|Any CPU
		{1C84E308-3BCF-421D-B1BD-C45E0D4E97B2}.Debug|Any CPU.Build.0 = Debug|Any CPU
		{1C84E308-3BCF-421D-B1BD-C45E0D4E97B2}.Release|Any CPU.ActiveCfg = Release|Any CPU
		{1C84E308-3BCF-421D-B1BD-C45E0D4E97B2}.Release|Any CPU.Build.0 = Release|Any CPU
		{9DB15DEB-7E2F-4446-8FA8-EDE948C4EBAA}.Debug|Any CPU.ActiveCfg = Debug|Any CPU
		{9DB15DEB-7E2F-4446-8FA8-EDE948C4EBAA}.Debug|Any CPU.Build.0 = Debug|Any CPU
		{9DB15DEB-7E2F-4446-8FA8-EDE948C4EBAA}.Release|Any CPU.ActiveCfg = Release|Any CPU
		{9DB15DEB-7E2F-4446-8FA8-EDE948C4EBAA}.Release|Any CPU.Build.0 = Release|Any CPU
	EndGlobalSection
	GlobalSection(SolutionProperties) = preSolution
		HideSolutionNode = FALSE
	EndGlobalSection
	GlobalSection(ExtensibilityGlobals) = postSolution
		SolutionGuid = {47B65B2D-42D5-4A24-9284-C134209249B7}
	EndGlobalSection
EndGlobal
